
Microsoft Visual Studio Solution File, Format Version 12.00
# Visual Studio Version 16
VisualStudioVersion = 16.0.29201.188
MinimumVisualStudioVersion = 10.0.40219.1
Project("{FAE04EC0-301F-11D3-BF4B-00C04F79EFBC}") = "ConsoleApp20", "ConsoleApp20\ConsoleApp20.csproj", "{B83372A7-9B9D-463F-BDAA-4456F06399DA}"
EndProject
Global
	GlobalSection(SolutionConfigurationPlatforms) = preSolution
		Debug|Any CPU = Debug|Any CPU
		Release|Any CPU = Release|Any CPU
	EndGlobalSection
	GlobalSection(ProjectConfigurationPlatforms) = postSolution
		{B83372A7-9B9D-463F-BDAA-4456F06399DA}.Debug|Any CPU.ActiveCfg = Debug|Any CPU
		{B83372A7-9B9D-463F-BDAA-4456F06399DA}.Debug|Any CPU.Build.0 = Debug|Any CPU
		{B83372A7-9B9D-463F-BDAA-4456F06399DA}.Release|Any CPU.ActiveCfg = Release|Any CPU
		{B83372A7-9B9D-463F-BDAA-4456F06399DA}.Release|Any CPU.Build.0 = Release|Any CPU
	EndGlobalSection
	GlobalSection(SolutionProperties) = preSolution
		HideSolutionNode = FALSE
	EndGlobalSection
	GlobalSection(ExtensibilityGlobals) = postSolution
		SolutionGuid = {4C0BEFA1-C7CF-4304-9983-C908C627E910}
	EndGlobalSection
EndGlobal
